
Microsoft Visual Studio Solution File, Format Version 12.00
# Visual Studio 15
VisualStudioVersion = 15.0.27703.2042
MinimumVisualStudioVersion = 10.0.40219.1
Project("{9A19103F-16F7-4668-BE54-9A1E7A4F7556}") = "BusinnesEntities", "BusinnesEntities\BusinnesEntities.csproj", "{D8F73A75-B573-4991-9FBD-0C1B7A1D8997}"
EndProject
Project("{FAE04EC0-301F-11D3-BF4B-00C04F79EFBC}") = "Servicio-Cobertura", "Servicio-Cobertura\Servicio-Cobertura.csproj", "{C1A09848-3B88-42F0-9A09-C49CBCD2C531}"
EndProject
Project("{FAE04EC0-301F-11D3-BF4B-00C04F79EFBC}") = "BusinnesService", "BusinessService\BusinnesService.csproj", "{7556E718-32AE-4544-B58C-C22E13EFEF8B}"
EndProject
Project("{FAE04EC0-301F-11D3-BF4B-00C04F79EFBC}") = "DataMigration", "DataMigration\DataMigration.csproj", "{DF8A78B8-DBCB-449B-8C9E-1B80A361B8B0}"
EndProject
Project("{FAE04EC0-301F-11D3-BF4B-00C04F79EFBC}") = "DataModel", "DataModel\DataModel.csproj", "{5D0B6505-EBC5-4451-BDC7-23319777D7D6}"
EndProject
Project("{FAE04EC0-301F-11D3-BF4B-00C04F79EFBC}") = "Resolver", "Resolver\Resolver.csproj", "{EBBF4D99-622E-4BE7-97AE-86C759D27884}"
EndProject
Project("{FAE04EC0-301F-11D3-BF4B-00C04F79EFBC}") = "Api", "Api\Api.csproj", "{4D5236D5-CE86-4B8E-BEC1-1F0FC7BA25F3}"
EndProject
Global
	GlobalSection(SolutionConfigurationPlatforms) = preSolution
		Debug|Any CPU = Debug|Any CPU
		Debug|ARM = Debug|ARM
		Debug|x64 = Debug|x64
		Debug|x86 = Debug|x86
		Release|Any CPU = Release|Any CPU
		Release|ARM = Release|ARM
		Release|x64 = Release|x64
		Release|x86 = Release|x86
	EndGlobalSection
	GlobalSection(ProjectConfigurationPlatforms) = postSolution
		{D8F73A75-B573-4991-9FBD-0C1B7A1D8997}.Debug|Any CPU.ActiveCfg = Debug|Any CPU
		{D8F73A75-B573-4991-9FBD-0C1B7A1D8997}.Debug|Any CPU.Build.0 = Debug|Any CPU
		{D8F73A75-B573-4991-9FBD-0C1B7A1D8997}.Debug|ARM.ActiveCfg = Debug|Any CPU
		{D8F73A75-B573-4991-9FBD-0C1B7A1D8997}.Debug|ARM.Build.0 = Debug|Any CPU
		{D8F73A75-B573-4991-9FBD-0C1B7A1D8997}.Debug|x64.ActiveCfg = Debug|Any CPU
		{D8F73A75-B573-4991-9FBD-0C1B7A1D8997}.Debug|x64.Build.0 = Debug|Any CPU
		{D8F73A75-B573-4991-9FBD-0C1B7A1D8997}.Debug|x86.ActiveCfg = Debug|Any CPU
		{D8F73A75-B573-4991-9FBD-0C1B7A1D8997}.Debug|x86.Build.0 = Debug|Any CPU
		{D8F73A75-B573-4991-9FBD-0C1B7A1D8997}.Release|Any CPU.ActiveCfg = Release|Any CPU
		{D8F73A75-B573-4991-9FBD-0C1B7A1D8997}.Release|Any CPU.Build.0 = Release|Any CPU
		{D8F73A75-B573-4991-9FBD-0C1B7A1D8997}.Release|ARM.ActiveCfg = Release|Any CPU
		{D8F73A75-B573-4991-9FBD-0C1B7A1D8997}.Release|ARM.Build.0 = Release|Any CPU
		{D8F73A75-B573-4991-9FBD-0C1B7A1D8997}.Release|x64.ActiveCfg = Release|Any CPU
		{D8F73A75-B573-4991-9FBD-0C1B7A1D8997}.Release|x64.Build.0 = Release|Any CPU
		{D8F73A75-B573-4991-9FBD-0C1B7A1D8997}.Release|x86.ActiveCfg = Release|Any CPU
		{D8F73A75-B573-4991-9FBD-0C1B7A1D8997}.Release|x86.Build.0 = Release|Any CPU
		{C1A09848-3B88-42F0-9A09-C49CBCD2C531}.Debug|Any CPU.ActiveCfg = Debug|Any CPU
		{C1A09848-3B88-42F0-9A09-C49CBCD2C531}.Debug|Any CPU.Build.0 = Debug|Any CPU
		{C1A09848-3B88-42F0-9A09-C49CBCD2C531}.Debug|ARM.ActiveCfg = Debug|Any CPU
		{C1A09848-3B88-42F0-9A09-C49CBCD2C531}.Debug|ARM.Build.0 = Debug|Any CPU
		{C1A09848-3B88-42F0-9A09-C49CBCD2C531}.Debug|x64.ActiveCfg = Debug|Any CPU
		{C1A09848-3B88-42F0-9A09-C49CBCD2C531}.Debug|x64.Build.0 = Debug|Any CPU
		{C1A09848-3B88-42F0-9A09-C49CBCD2C531}.Debug|x86.ActiveCfg = Debug|Any CPU
		{C1A09848-3B88-42F0-9A09-C49CBCD2C531}.Debug|x86.Build.0 = Debug|Any CPU
		{C1A09848-3B88-42F0-9A09-C49CBCD2C531}.Release|Any CPU.ActiveCfg = Release|Any CPU
		{C1A09848-3B88-42F0-9A09-C49CBCD2C531}.Release|Any CPU.Build.0 = Release|Any CPU
		{C1A09848-3B88-42F0-9A09-C49CBCD2C531}.Release|ARM.ActiveCfg = Release|Any CPU
		{C1A09848-3B88-42F0-9A09-C49CBCD2C531}.Release|ARM.Build.0 = Release|Any CPU
		{C1A09848-3B88-42F0-9A09-C49CBCD2C531}.Release|x64.ActiveCfg = Release|Any CPU
		{C1A09848-3B88-42F0-9A09-C49CBCD2C531}.Release|x64.Build.0 = Release|Any CPU
		{C1A09848-3B88-42F0-9A09-C49CBCD2C531}.Release|x86.ActiveCfg = Release|Any CPU
		{C1A09848-3B88-42F0-9A09-C49CBCD2C531}.Release|x86.Build.0 = Release|Any CPU
		{7556E718-32AE-4544-B58C-C22E13EFEF8B}.Debug|Any CPU.ActiveCfg = Debug|Any CPU
		{7556E718-32AE-4544-B58C-C22E13EFEF8B}.Debug|Any CPU.Build.0 = Debug|Any CPU
		{7556E718-32AE-4544-B58C-C22E13EFEF8B}.Debug|ARM.ActiveCfg = Debug|Any CPU
		{7556E718-32AE-4544-B58C-C22E13EFEF8B}.Debug|ARM.Build.0 = Debug|Any CPU
		{7556E718-32AE-4544-B58C-C22E13EFEF8B}.Debug|x64.ActiveCfg = Debug|Any CPU
		{7556E718-32AE-4544-B58C-C22E13EFEF8B}.Debug|x64.Build.0 = Debug|Any CPU
		{7556E718-32AE-4544-B58C-C22E13EFEF8B}.Debug|x86.ActiveCfg = Debug|Any CPU
		{7556E718-32AE-4544-B58C-C22E13EFEF8B}.Debug|x86.Build.0 = Debug|Any CPU
		{7556E718-32AE-4544-B58C-C22E13EFEF8B}.Release|Any CPU.ActiveCfg = Release|Any CPU
		{7556E718-32AE-4544-B58C-C22E13EFEF8B}.Release|Any CPU.Build.0 = Release|Any CPU
		{7556E718-32AE-4544-B58C-C22E13EFEF8B}.Release|ARM.ActiveCfg = Release|Any CPU
		{7556E718-32AE-4544-B58C-C22E13EFEF8B}.Release|ARM.Build.0 = Release|Any CPU
		{7556E718-32AE-4544-B58C-C22E13EFEF8B}.Release|x64.ActiveCfg = Release|Any CPU
		{7556E718-32AE-4544-B58C-C22E13EFEF8B}.Release|x64.Build.0 = Release|Any CPU
		{7556E718-32AE-4544-B58C-C22E13EFEF8B}.Release|x86.ActiveCfg = Release|Any CPU
		{7556E718-32AE-4544-B58C-C22E13EFEF8B}.Release|x86.Build.0 = Release|Any CPU
		{DF8A78B8-DBCB-449B-8C9E-1B80A361B8B0}.Debug|Any CPU.ActiveCfg = Debug|Any CPU
		{DF8A78B8-DBCB-449B-8C9E-1B80A361B8B0}.Debug|Any CPU.Build.0 = Debug|Any CPU
		{DF8A78B8-DBCB-449B-8C9E-1B80A361B8B0}.Debug|ARM.ActiveCfg = Debug|Any CPU
		{DF8A78B8-DBCB-449B-8C9E-1B80A361B8B0}.Debug|ARM.Build.0 = Debug|Any CPU
		{DF8A78B8-DBCB-449B-8C9E-1B80A361B8B0}.Debug|x64.ActiveCfg = Debug|Any CPU
		{DF8A78B8-DBCB-449B-8C9E-1B80A361B8B0}.Debug|x64.Build.0 = Debug|Any CPU
		{DF8A78B8-DBCB-449B-8C9E-1B80A361B8B0}.Debug|x86.ActiveCfg = Debug|Any CPU
		{DF8A78B8-DBCB-449B-8C9E-1B80A361B8B0}.Debug|x86.Build.0 = Debug|Any CPU
		{DF8A78B8-DBCB-449B-8C9E-1B80A361B8B0}.Release|Any CPU.ActiveCfg = Release|Any CPU
		{DF8A78B8-DBCB-449B-8C9E-1B80A361B8B0}.Release|Any CPU.Build.0 = Release|Any CPU
		{DF8A78B8-DBCB-449B-8C9E-1B80A361B8B0}.Release|ARM.ActiveCfg = Release|Any CPU
		{DF8A78B8-DBCB-449B-8C9E-1B80A361B8B0}.Release|ARM.Build.0 = Release|Any CPU
		{DF8A78B8-DBCB-449B-8C9E-1B80A361B8B0}.Release|x64.ActiveCfg = Release|Any CPU
		{DF8A78B8-DBCB-449B-8C9E-1B80A361B8B0}.Release|x64.Build.0 = Release|Any CPU
		{DF8A78B8-DBCB-449B-8C9E-1B80A361B8B0}.Release|x86.ActiveCfg = Release|Any CPU
		{DF8A78B8-DBCB-449B-8C9E-1B80A361B8B0}.Release|x86.Build.0 = Release|Any CPU
		{5D0B6505-EBC5-4451-BDC7-23319777D7D6}.Debug|Any CPU.ActiveCfg = Debug|Any CPU
		{5D0B6505-EBC5-4451-BDC7-23319777D7D6}.Debug|Any CPU.Build.0 = Debug|Any CPU
		{5D0B6505-EBC5-4451-BDC7-23319777D7D6}.Debug|ARM.ActiveCfg = Debug|Any CPU
		{5D0B6505-EBC5-4451-BDC7-23319777D7D6}.Debug|ARM.Build.0 = Debug|Any CPU
		{5D0B6505-EBC5-4451-BDC7-23319777D7D6}.Debug|x64.ActiveCfg = Debug|Any CPU
		{5D0B6505-EBC5-4451-BDC7-23319777D7D6}.Debug|x64.Build.0 = Debug|Any CPU
		{5D0B6505-EBC5-4451-BDC7-23319777D7D6}.Debug|x86.ActiveCfg = Debug|Any CPU
		{5D0B6505-EBC5-4451-BDC7-23319777D7D6}.Debug|x86.Build.0 = Debug|Any CPU
		{5D0B6505-EBC5-4451-BDC7-23319777D7D6}.Release|Any CPU.ActiveCfg = Release|Any CPU
		{5D0B6505-EBC5-4451-BDC7-23319777D7D6}.Release|Any CPU.Build.0 = Release|Any CPU
		{5D0B6505-EBC5-4451-BDC7-23319777D7D6}.Release|ARM.ActiveCfg = Release|Any CPU
		{5D0B6505-EBC5-4451-BDC7-23319777D7D6}.Release|ARM.Build.0 = Release|Any CPU
		{5D0B6505-EBC5-4451-BDC7-23319777D7D6}.Release|x64.ActiveCfg = Release|Any CPU
		{5D0B6505-EBC5-4451-BDC7-23319777D7D6}.Release|x64.Build.0 = Release|Any CPU
		{5D0B6505-EBC5-4451-BDC7-23319777D7D6}.Release|x86.ActiveCfg = Release|Any CPU
		{5D0B6505-EBC5-4451-BDC7-23319777D7D6}.Release|x86.Build.0 = Release|Any CPU
		{EBBF4D99-622E-4BE7-97AE-86C759D27884}.Debug|Any CPU.ActiveCfg = Debug|Any CPU
		{EBBF4D99-622E-4BE7-97AE-86C759D27884}.Debug|Any CPU.Build.0 = Debug|Any CPU
		{EBBF4D99-622E-4BE7-97AE-86C759D27884}.Debug|ARM.ActiveCfg = Debug|Any CPU
		{EBBF4D99-622E-4BE7-97AE-86C759D27884}.Debug|ARM.Build.0 = Debug|Any CPU
		{EBBF4D99-622E-4BE7-97AE-86C759D27884}.Debug|x64.ActiveCfg = Debug|Any CPU
		{EBBF4D99-622E-4BE7-97AE-86C759D27884}.Debug|x64.Build.0 = Debug|Any CPU
		{EBBF4D99-622E-4BE7-97AE-86C759D27884}.Debug|x86.ActiveCfg = Debug|Any CPU
		{EBBF4D99-622E-4BE7-97AE-86C759D27884}.Debug|x86.Build.0 = Debug|Any CPU
		{EBBF4D99-622E-4BE7-97AE-86C759D27884}.Release|Any CPU.ActiveCfg = Release|Any CPU
		{EBBF4D99-622E-4BE7-97AE-86C759D27884}.Release|Any CPU.Build.0 = Release|Any CPU
		{EBBF4D99-622E-4BE7-97AE-86C759D27884}.Release|ARM.ActiveCfg = Release|Any CPU
		{EBBF4D99-622E-4BE7-97AE-86C759D27884}.Release|ARM.Build.0 = Release|Any CPU
		{EBBF4D99-622E-4BE7-97AE-86C759D27884}.Release|x64.ActiveCfg = Release|Any CPU
		{EBBF4D99-622E-4BE7-97AE-86C759D27884}.Release|x64.Build.0 = Release|Any CPU
		{EBBF4D99-622E-4BE7-97AE-86C759D27884}.Release|x86.ActiveCfg = Release|Any CPU
		{EBBF4D99-622E-4BE7-97AE-86C759D27884}.Release|x86.Build.0 = Release|Any CPU
		{4D5236D5-CE86-4B8E-BEC1-1F0FC7BA25F3}.Debug|Any CPU.ActiveCfg = Debug|Any CPU
		{4D5236D5-CE86-4B8E-BEC1-1F0FC7BA25F3}.Debug|Any CPU.Build.0 = Debug|Any CPU
		{4D5236D5-CE86-4B8E-BEC1-1F0FC7BA25F3}.Debug|ARM.ActiveCfg = Debug|Any CPU
		{4D5236D5-CE86-4B8E-BEC1-1F0FC7BA25F3}.Debug|ARM.Build.0 = Debug|Any CPU
		{4D5236D5-CE86-4B8E-BEC1-1F0FC7BA25F3}.Debug|x64.ActiveCfg = Debug|Any CPU
		{4D5236D5-CE86-4B8E-BEC1-1F0FC7BA25F3}.Debug|x64.Build.0 = Debug|Any CPU
		{4D5236D5-CE86-4B8E-BEC1-1F0FC7BA25F3}.Debug|x86.ActiveCfg = Debug|Any CPU
		{4D5236D5-CE86-4B8E-BEC1-1F0FC7BA25F3}.Debug|x86.Build.0 = Debug|Any CPU
		{4D5236D5-CE86-4B8E-BEC1-1F0FC7BA25F3}.Release|Any CPU.ActiveCfg = Release|Any CPU
		{4D5236D5-CE86-4B8E-BEC1-1F0FC7BA25F3}.Release|Any CPU.Build.0 = Release|Any CPU
		{4D5236D5-CE86-4B8E-BEC1-1F0FC7BA25F3}.Release|ARM.ActiveCfg = Release|Any CPU
		{4D5236D5-CE86-4B8E-BEC1-1F0FC7BA25F3}.Release|ARM.Build.0 = Release|Any CPU
		{4D5236D5-CE86-4B8E-BEC1-1F0FC7BA25F3}.Release|x64.ActiveCfg = Release|Any CPU
		{4D5236D5-CE86-4B8E-BEC1-1F0FC7BA25F3}.Release|x64.Build.0 = Release|Any CPU
		{4D5236D5-CE86-4B8E-BEC1-1F0FC7BA25F3}.Release|x86.ActiveCfg = Release|Any CPU
		{4D5236D5-CE86-4B8E-BEC1-1F0FC7BA25F3}.Release|x86.Build.0 = Release|Any CPU
	EndGlobalSection
	GlobalSection(SolutionProperties) = preSolution
		HideSolutionNode = FALSE
	EndGlobalSection
	GlobalSection(ExtensibilityGlobals) = postSolution
		SolutionGuid = {D799E475-13EA-44C9-A647-02734A77D386}
	EndGlobalSection
EndGlobal
